// !$*UTF8*$!
{
	archiveVersion = 1;
	classes = {
	};
	objectVersion = 50;
	objects = {

/* Begin PBXBuildFile section */
		26B0BA322604CD23008F3623 /* EventPickerApp.swift in Sources */ = {isa = PBXBuildFile; fileRef = 26B0BA312604CD23008F3623 /* EventPickerApp.swift */; };
		26B0BA342604CD23008F3623 /* ContentView.swift in Sources */ = {isa = PBXBuildFile; fileRef = 26B0BA332604CD23008F3623 /* ContentView.swift */; };
		26B0BA362604CD26008F3623 /* Assets.xcassets in Resources */ = {isa = PBXBuildFile; fileRef = 26B0BA352604CD26008F3623 /* Assets.xcassets */; };
		26B0BA392604CD26008F3623 /* Preview Assets.xcassets in Resources */ = {isa = PBXBuildFile; fileRef = 26B0BA382604CD26008F3623 /* Preview Assets.xcassets */; };
		26B0BA3B2604CD26008F3623 /* Persistence.swift in Sources */ = {isa = PBXBuildFile; fileRef = 26B0BA3A2604CD26008F3623 /* Persistence.swift */; };
		26B0BA3E2604CD26008F3623 /* EventPicker.xcdatamodeld in Sources */ = {isa = PBXBuildFile; fileRef = 26B0BA3C2604CD26008F3623 /* EventPicker.xcdatamodeld */; };
		26B0BA492604CD26008F3623 /* EventPickerTests.swift in Sources */ = {isa = PBXBuildFile; fileRef = 26B0BA482604CD26008F3623 /* EventPickerTests.swift */; };
		26B0BA542604CD26008F3623 /* EventPickerUITests.swift in Sources */ = {isa = PBXBuildFile; fileRef = 26B0BA532604CD26008F3623 /* EventPickerUITests.swift */; };
		26B0BA732604D7A8008F3623 /* TagEvent+CoreDataClass.swift in Sources */ = {isa = PBXBuildFile; fileRef = 26B0BA6F2604D7A8008F3623 /* TagEvent+CoreDataClass.swift */; };
		26B0BA742604D7A8008F3623 /* TagEvent+CoreDataProperties.swift in Sources */ = {isa = PBXBuildFile; fileRef = 26B0BA702604D7A8008F3623 /* TagEvent+CoreDataProperties.swift */; };
		26B0BA752604D7A8008F3623 /* TagScan+CoreDataClass.swift in Sources */ = {isa = PBXBuildFile; fileRef = 26B0BA712604D7A8008F3623 /* TagScan+CoreDataClass.swift */; };
		26B0BA762604D7A8008F3623 /* TagScan+CoreDataProperties.swift in Sources */ = {isa = PBXBuildFile; fileRef = 26B0BA722604D7A8008F3623 /* TagScan+CoreDataProperties.swift */; };
		26B0BA9C2604E49C008F3623 /* DataSeed.swift in Sources */ = {isa = PBXBuildFile; fileRef = 26B0BA9B2604E49C008F3623 /* DataSeed.swift */; };
		26B0BAA22604FD3D008F3623 /* EventView.swift in Sources */ = {isa = PBXBuildFile; fileRef = 26B0BAA12604FD3D008F3623 /* EventView.swift */; };
		26B0BAAA2604FD6E008F3623 /* EventViewModel.swift in Sources */ = {isa = PBXBuildFile; fileRef = 26B0BAA92604FD6E008F3623 /* EventViewModel.swift */; };
		26B0BAAF2605020F008F3623 /* TagEventDetail.swift in Sources */ = {isa = PBXBuildFile; fileRef = 26B0BAAE2605020F008F3623 /* TagEventDetail.swift */; };
		26B0BAB42605028B008F3623 /* EventEditView.swift in Sources */ = {isa = PBXBuildFile; fileRef = 26B0BAB32605028B008F3623 /* EventEditView.swift */; };
		26B0BAB9260502D3008F3623 /* KeyboardResponder.swift in Sources */ = {isa = PBXBuildFile; fileRef = 26B0BAB8260502D3008F3623 /* KeyboardResponder.swift */; };
		26B0BABE26050430008F3623 /* EventTypeNamePicker.swift in Sources */ = {isa = PBXBuildFile; fileRef = 26B0BABD26050430008F3623 /* EventTypeNamePicker.swift */; };
		26B0BAC32605045A008F3623 /* EventActionNamePicker.swift in Sources */ = {isa = PBXBuildFile; fileRef = 26B0BAC22605045A008F3623 /* EventActionNamePicker.swift */; };
		26B0BAC82605047A008F3623 /* EventProductNamePicker.swift in Sources */ = {isa = PBXBuildFile; fileRef = 26B0BAC72605047A008F3623 /* EventProductNamePicker.swift */; };
		26B0BACD26050569008F3623 /* NavigationLazyView.swift in Sources */ = {isa = PBXBuildFile; fileRef = 26B0BACC26050569008F3623 /* NavigationLazyView.swift */; };
		26B0BAD226050634008F3623 /* TagScanRowView.swift in Sources */ = {isa = PBXBuildFile; fileRef = 26B0BAD126050634008F3623 /* TagScanRowView.swift */; };
/* End PBXBuildFile section */

/* Begin PBXContainerItemProxy section */
		26B0BA452604CD26008F3623 /* PBXContainerItemProxy */ = {
			isa = PBXContainerItemProxy;
			containerPortal = 26B0BA262604CD23008F3623 /* Project object */;
			proxyType = 1;
			remoteGlobalIDString = 26B0BA2D2604CD23008F3623;
			remoteInfo = EventPicker;
		};
		26B0BA502604CD26008F3623 /* PBXContainerItemProxy */ = {
			isa = PBXContainerItemProxy;
			containerPortal = 26B0BA262604CD23008F3623 /* Project object */;
			proxyType = 1;
			remoteGlobalIDString = 26B0BA2D2604CD23008F3623;
			remoteInfo = EventPicker;
		};
/* End PBXContainerItemProxy section */

/* Begin PBXFileReference section */
		26B0BA2E2604CD23008F3623 /* EventPicker.app */ = {isa = PBXFileReference; explicitFileType = wrapper.application; includeInIndex = 0; path = EventPicker.app; sourceTree = BUILT_PRODUCTS_DIR; };
		26B0BA312604CD23008F3623 /* EventPickerApp.swift */ = {isa = PBXFileReference; lastKnownFileType = sourcecode.swift; path = EventPickerApp.swift; sourceTree = "<group>"; };
		26B0BA332604CD23008F3623 /* ContentView.swift */ = {isa = PBXFileReference; lastKnownFileType = sourcecode.swift; path = ContentView.swift; sourceTree = "<group>"; };
		26B0BA352604CD26008F3623 /* Assets.xcassets */ = {isa = PBXFileReference; lastKnownFileType = folder.assetcatalog; path = Assets.xcassets; sourceTree = "<group>"; };
		26B0BA382604CD26008F3623 /* Preview Assets.xcassets */ = {isa = PBXFileReference; lastKnownFileType = folder.assetcatalog; path = "Preview Assets.xcassets"; sourceTree = "<group>"; };
		26B0BA3A2604CD26008F3623 /* Persistence.swift */ = {isa = PBXFileReference; lastKnownFileType = sourcecode.swift; path = Persistence.swift; sourceTree = "<group>"; };
		26B0BA3D2604CD26008F3623 /* EventPicker.xcdatamodel */ = {isa = PBXFileReference; lastKnownFileType = wrapper.xcdatamodel; path = EventPicker.xcdatamodel; sourceTree = "<group>"; };
		26B0BA3F2604CD26008F3623 /* Info.plist */ = {isa = PBXFileReference; lastKnownFileType = text.plist.xml; path = Info.plist; sourceTree = "<group>"; };
		26B0BA442604CD26008F3623 /* EventPickerTests.xctest */ = {isa = PBXFileReference; explicitFileType = wrapper.cfbundle; includeInIndex = 0; path = EventPickerTests.xctest; sourceTree = BUILT_PRODUCTS_DIR; };
		26B0BA482604CD26008F3623 /* EventPickerTests.swift */ = {isa = PBXFileReference; lastKnownFileType = sourcecode.swift; path = EventPickerTests.swift; sourceTree = "<group>"; };
		26B0BA4A2604CD26008F3623 /* Info.plist */ = {isa = PBXFileReference; lastKnownFileType = text.plist.xml; path = Info.plist; sourceTree = "<group>"; };
		26B0BA4F2604CD26008F3623 /* EventPickerUITests.xctest */ = {isa = PBXFileReference; explicitFileType = wrapper.cfbundle; includeInIndex = 0; path = EventPickerUITests.xctest; sourceTree = BUILT_PRODUCTS_DIR; };
		26B0BA532604CD26008F3623 /* EventPickerUITests.swift */ = {isa = PBXFileReference; lastKnownFileType = sourcecode.swift; path = EventPickerUITests.swift; sourceTree = "<group>"; };
		26B0BA552604CD26008F3623 /* Info.plist */ = {isa = PBXFileReference; lastKnownFileType = text.plist.xml; path = Info.plist; sourceTree = "<group>"; };
		26B0BA6F2604D7A8008F3623 /* TagEvent+CoreDataClass.swift */ = {isa = PBXFileReference; lastKnownFileType = sourcecode.swift; path = "TagEvent+CoreDataClass.swift"; sourceTree = "<group>"; };
		26B0BA702604D7A8008F3623 /* TagEvent+CoreDataProperties.swift */ = {isa = PBXFileReference; lastKnownFileType = sourcecode.swift; path = "TagEvent+CoreDataProperties.swift"; sourceTree = "<group>"; };
		26B0BA712604D7A8008F3623 /* TagScan+CoreDataClass.swift */ = {isa = PBXFileReference; lastKnownFileType = sourcecode.swift; path = "TagScan+CoreDataClass.swift"; sourceTree = "<group>"; };
		26B0BA722604D7A8008F3623 /* TagScan+CoreDataProperties.swift */ = {isa = PBXFileReference; lastKnownFileType = sourcecode.swift; path = "TagScan+CoreDataProperties.swift"; sourceTree = "<group>"; };
		26B0BA9B2604E49C008F3623 /* DataSeed.swift */ = {isa = PBXFileReference; lastKnownFileType = sourcecode.swift; path = DataSeed.swift; sourceTree = "<group>"; };
		26B0BAA12604FD3D008F3623 /* EventView.swift */ = {isa = PBXFileReference; lastKnownFileType = sourcecode.swift; path = EventView.swift; sourceTree = "<group>"; };
		26B0BAA92604FD6E008F3623 /* EventViewModel.swift */ = {isa = PBXFileReference; lastKnownFileType = sourcecode.swift; path = EventViewModel.swift; sourceTree = "<group>"; };
		26B0BAAE2605020F008F3623 /* TagEventDetail.swift */ = {isa = PBXFileReference; lastKnownFileType = sourcecode.swift; path = TagEventDetail.swift; sourceTree = "<group>"; };
		26B0BAB32605028B008F3623 /* EventEditView.swift */ = {isa = PBXFileReference; lastKnownFileType = sourcecode.swift; path = EventEditView.swift; sourceTree = "<group>"; };
		26B0BAB8260502D3008F3623 /* KeyboardResponder.swift */ = {isa = PBXFileReference; lastKnownFileType = sourcecode.swift; path = KeyboardResponder.swift; sourceTree = "<group>"; };
		26B0BABD26050430008F3623 /* EventTypeNamePicker.swift */ = {isa = PBXFileReference; lastKnownFileType = sourcecode.swift; path = EventTypeNamePicker.swift; sourceTree = "<group>"; };
		26B0BAC22605045A008F3623 /* EventActionNamePicker.swift */ = {isa = PBXFileReference; lastKnownFileType = sourcecode.swift; path = EventActionNamePicker.swift; sourceTree = "<group>"; };
		26B0BAC72605047A008F3623 /* EventProductNamePicker.swift */ = {isa = PBXFileReference; lastKnownFileType = sourcecode.swift; path = EventProductNamePicker.swift; sourceTree = "<group>"; };
		26B0BACC26050569008F3623 /* NavigationLazyView.swift */ = {isa = PBXFileReference; lastKnownFileType = sourcecode.swift; path = NavigationLazyView.swift; sourceTree = "<group>"; };
		26B0BAD126050634008F3623 /* TagScanRowView.swift */ = {isa = PBXFileReference; lastKnownFileType = sourcecode.swift; path = TagScanRowView.swift; sourceTree = "<group>"; };
/* End PBXFileReference section */

/* Begin PBXFrameworksBuildPhase section */
		26B0BA2B2604CD23008F3623 /* Frameworks */ = {
			isa = PBXFrameworksBuildPhase;
			buildActionMask = 2147483647;
			files = (
			);
			runOnlyForDeploymentPostprocessing = 0;
		};
		26B0BA412604CD26008F3623 /* Frameworks */ = {
			isa = PBXFrameworksBuildPhase;
			buildActionMask = 2147483647;
			files = (
			);
			runOnlyForDeploymentPostprocessing = 0;
		};
		26B0BA4C2604CD26008F3623 /* Frameworks */ = {
			isa = PBXFrameworksBuildPhase;
			buildActionMask = 2147483647;
			files = (
			);
			runOnlyForDeploymentPostprocessing = 0;
		};
/* End PBXFrameworksBuildPhase section */

/* Begin PBXGroup section */
		26B0BA252604CD23008F3623 = {
			isa = PBXGroup;
			children = (
				26B0BAA02604FD20008F3623 /* Views */,
				26B0BA6E2604D748008F3623 /* Model */,
				26B0BA642604CDAC008F3623 /* ViewModels */,
				26B0BA302604CD23008F3623 /* EventPicker */,
				26B0BA472604CD26008F3623 /* EventPickerTests */,
				26B0BA522604CD26008F3623 /* EventPickerUITests */,
				26B0BA2F2604CD23008F3623 /* Products */,
			);
			sourceTree = "<group>";
		};
		26B0BA2F2604CD23008F3623 /* Products */ = {
			isa = PBXGroup;
			children = (
				26B0BA2E2604CD23008F3623 /* EventPicker.app */,
				26B0BA442604CD26008F3623 /* EventPickerTests.xctest */,
				26B0BA4F2604CD26008F3623 /* EventPickerUITests.xctest */,
			);
			name = Products;
			sourceTree = "<group>";
		};
		26B0BA302604CD23008F3623 /* EventPicker */ = {
			isa = PBXGroup;
			children = (
				26B0BA312604CD23008F3623 /* EventPickerApp.swift */,
				26B0BA332604CD23008F3623 /* ContentView.swift */,
				26B0BA352604CD26008F3623 /* Assets.xcassets */,
				26B0BA3A2604CD26008F3623 /* Persistence.swift */,
				26B0BA3F2604CD26008F3623 /* Info.plist */,
				26B0BA3C2604CD26008F3623 /* EventPicker.xcdatamodeld */,
				26B0BA372604CD26008F3623 /* Preview Content */,
			);
			path = EventPicker;
			sourceTree = "<group>";
		};
		26B0BA372604CD26008F3623 /* Preview Content */ = {
			isa = PBXGroup;
			children = (
				26B0BA382604CD26008F3623 /* Preview Assets.xcassets */,
			);
			path = "Preview Content";
			sourceTree = "<group>";
		};
		26B0BA472604CD26008F3623 /* EventPickerTests */ = {
			isa = PBXGroup;
			children = (
				26B0BA482604CD26008F3623 /* EventPickerTests.swift */,
				26B0BA4A2604CD26008F3623 /* Info.plist */,
			);
			path = EventPickerTests;
			sourceTree = "<group>";
		};
		26B0BA522604CD26008F3623 /* EventPickerUITests */ = {
			isa = PBXGroup;
			children = (
				26B0BA532604CD26008F3623 /* EventPickerUITests.swift */,
				26B0BA552604CD26008F3623 /* Info.plist */,
			);
			path = EventPickerUITests;
			sourceTree = "<group>";
		};
		26B0BA642604CDAC008F3623 /* ViewModels */ = {
			isa = PBXGroup;
			children = (
				26B0BAA92604FD6E008F3623 /* EventViewModel.swift */,
			);
			path = ViewModels;
			sourceTree = "<group>";
		};
		26B0BA6E2604D748008F3623 /* Model */ = {
			isa = PBXGroup;
			children = (
				26B0BA6F2604D7A8008F3623 /* TagEvent+CoreDataClass.swift */,
				26B0BA702604D7A8008F3623 /* TagEvent+CoreDataProperties.swift */,
				26B0BA712604D7A8008F3623 /* TagScan+CoreDataClass.swift */,
				26B0BA722604D7A8008F3623 /* TagScan+CoreDataProperties.swift */,
				26B0BA9B2604E49C008F3623 /* DataSeed.swift */,
			);
			path = Model;
			sourceTree = "<group>";
		};
		26B0BAA02604FD20008F3623 /* Views */ = {
			isa = PBXGroup;
			children = (
				26B0BAA12604FD3D008F3623 /* EventView.swift */,
				26B0BAAE2605020F008F3623 /* TagEventDetail.swift */,
				26B0BAB32605028B008F3623 /* EventEditView.swift */,
				26B0BAB8260502D3008F3623 /* KeyboardResponder.swift */,
				26B0BABD26050430008F3623 /* EventTypeNamePicker.swift */,
				26B0BAC22605045A008F3623 /* EventActionNamePicker.swift */,
				26B0BAC72605047A008F3623 /* EventProductNamePicker.swift */,
				26B0BACC26050569008F3623 /* NavigationLazyView.swift */,
				26B0BAD126050634008F3623 /* TagScanRowView.swift */,
			);
			path = Views;
			sourceTree = "<group>";
		};
/* End PBXGroup section */

/* Begin PBXNativeTarget section */
		26B0BA2D2604CD23008F3623 /* EventPicker */ = {
			isa = PBXNativeTarget;
			buildConfigurationList = 26B0BA582604CD26008F3623 /* Build configuration list for PBXNativeTarget "EventPicker" */;
			buildPhases = (
				26B0BA2A2604CD23008F3623 /* Sources */,
				26B0BA2B2604CD23008F3623 /* Frameworks */,
				26B0BA2C2604CD23008F3623 /* Resources */,
			);
			buildRules = (
			);
			dependencies = (
			);
			name = EventPicker;
			productName = EventPicker;
			productReference = 26B0BA2E2604CD23008F3623 /* EventPicker.app */;
			productType = "com.apple.product-type.application";
		};
		26B0BA432604CD26008F3623 /* EventPickerTests */ = {
			isa = PBXNativeTarget;
			buildConfigurationList = 26B0BA5B2604CD26008F3623 /* Build configuration list for PBXNativeTarget "EventPickerTests" */;
			buildPhases = (
				26B0BA402604CD26008F3623 /* Sources */,
				26B0BA412604CD26008F3623 /* Frameworks */,
				26B0BA422604CD26008F3623 /* Resources */,
			);
			buildRules = (
			);
			dependencies = (
				26B0BA462604CD26008F3623 /* PBXTargetDependency */,
			);
			name = EventPickerTests;
			productName = EventPickerTests;
			productReference = 26B0BA442604CD26008F3623 /* EventPickerTests.xctest */;
			productType = "com.apple.product-type.bundle.unit-test";
		};
		26B0BA4E2604CD26008F3623 /* EventPickerUITests */ = {
			isa = PBXNativeTarget;
			buildConfigurationList = 26B0BA5E2604CD26008F3623 /* Build configuration list for PBXNativeTarget "EventPickerUITests" */;
			buildPhases = (
				26B0BA4B2604CD26008F3623 /* Sources */,
				26B0BA4C2604CD26008F3623 /* Frameworks */,
				26B0BA4D2604CD26008F3623 /* Resources */,
			);
			buildRules = (
			);
			dependencies = (
				26B0BA512604CD26008F3623 /* PBXTargetDependency */,
			);
			name = EventPickerUITests;
			productName = EventPickerUITests;
			productReference = 26B0BA4F2604CD26008F3623 /* EventPickerUITests.xctest */;
			productType = "com.apple.product-type.bundle.ui-testing";
		};
/* End PBXNativeTarget section */

/* Begin PBXProject section */
		26B0BA262604CD23008F3623 /* Project object */ = {
			isa = PBXProject;
			attributes = {
				LastSwiftUpdateCheck = 1240;
				LastUpgradeCheck = 1240;
				TargetAttributes = {
					26B0BA2D2604CD23008F3623 = {
						CreatedOnToolsVersion = 12.4;
					};
					26B0BA432604CD26008F3623 = {
						CreatedOnToolsVersion = 12.4;
						TestTargetID = 26B0BA2D2604CD23008F3623;
					};
					26B0BA4E2604CD26008F3623 = {
						CreatedOnToolsVersion = 12.4;
						TestTargetID = 26B0BA2D2604CD23008F3623;
					};
				};
			};
			buildConfigurationList = 26B0BA292604CD23008F3623 /* Build configuration list for PBXProject "EventPicker" */;
			compatibilityVersion = "Xcode 9.3";
			developmentRegion = en;
			hasScannedForEncodings = 0;
			knownRegions = (
				en,
				Base,
			);
			mainGroup = 26B0BA252604CD23008F3623;
			productRefGroup = 26B0BA2F2604CD23008F3623 /* Products */;
			projectDirPath = "";
			projectRoot = "";
			targets = (
				26B0BA2D2604CD23008F3623 /* EventPicker */,
				26B0BA432604CD26008F3623 /* EventPickerTests */,
				26B0BA4E2604CD26008F3623 /* EventPickerUITests */,
			);
		};
/* End PBXProject section */

/* Begin PBXResourcesBuildPhase section */
		26B0BA2C2604CD23008F3623 /* Resources */ = {
			isa = PBXResourcesBuildPhase;
			buildActionMask = 2147483647;
			files = (
				26B0BA392604CD26008F3623 /* Preview Assets.xcassets in Resources */,
				26B0BA362604CD26008F3623 /* Assets.xcassets in Resources */,
			);
			runOnlyForDeploymentPostprocessing = 0;
		};
		26B0BA422604CD26008F3623 /* Resources */ = {
			isa = PBXResourcesBuildPhase;
			buildActionMask = 2147483647;
			files = (
			);
			runOnlyForDeploymentPostprocessing = 0;
		};
		26B0BA4D2604CD26008F3623 /* Resources */ = {
			isa = PBXResourcesBuildPhase;
			buildActionMask = 2147483647;
			files = (
			);
			runOnlyForDeploymentPostprocessing = 0;
		};
/* End PBXResourcesBuildPhase section */

/* Begin PBXSourcesBuildPhase section */
		26B0BA2A2604CD23008F3623 /* Sources */ = {
			isa = PBXSourcesBuildPhase;
			buildActionMask = 2147483647;
			files = (
				26B0BA3E2604CD26008F3623 /* EventPicker.xcdatamodeld in Sources */,
				26B0BABE26050430008F3623 /* EventTypeNamePicker.swift in Sources */,
				26B0BA742604D7A8008F3623 /* TagEvent+CoreDataProperties.swift in Sources */,
				26B0BA9C2604E49C008F3623 /* DataSeed.swift in Sources */,
				26B0BAAA2604FD6E008F3623 /* EventViewModel.swift in Sources */,
				26B0BAC32605045A008F3623 /* EventActionNamePicker.swift in Sources */,
				26B0BA3B2604CD26008F3623 /* Persistence.swift in Sources */,
				26B0BA732604D7A8008F3623 /* TagEvent+CoreDataClass.swift in Sources */,
				26B0BAD226050634008F3623 /* TagScanRowView.swift in Sources */,
				26B0BAC82605047A008F3623 /* EventProductNamePicker.swift in Sources */,
				26B0BA752604D7A8008F3623 /* TagScan+CoreDataClass.swift in Sources */,
				26B0BA342604CD23008F3623 /* ContentView.swift in Sources */,
				26B0BAB42605028B008F3623 /* EventEditView.swift in Sources */,
				26B0BAB9260502D3008F3623 /* KeyboardResponder.swift in Sources */,
				26B0BAAF2605020F008F3623 /* TagEventDetail.swift in Sources */,
				26B0BACD26050569008F3623 /* NavigationLazyView.swift in Sources */,
				26B0BA762604D7A8008F3623 /* TagScan+CoreDataProperties.swift in Sources */,
				26B0BA322604CD23008F3623 /* EventPickerApp.swift in Sources */,
				26B0BAA22604FD3D008F3623 /* EventView.swift in Sources */,
			);
			runOnlyForDeploymentPostprocessing = 0;
		};
		26B0BA402604CD26008F3623 /* Sources */ = {
			isa = PBXSourcesBuildPhase;
			buildActionMask = 2147483647;
			files = (
				26B0BA492604CD26008F3623 /* EventPickerTests.swift in Sources */,
			);
			runOnlyForDeploymentPostprocessing = 0;
		};
		26B0BA4B2604CD26008F3623 /* Sources */ = {
			isa = PBXSourcesBuildPhase;
			buildActionMask = 2147483647;
			files = (
				26B0BA542604CD26008F3623 /* EventPickerUITests.swift in Sources */,
			);
			runOnlyForDeploymentPostprocessing = 0;
		};
/* End PBXSourcesBuildPhase section */

/* Begin PBXTargetDependency section */
		26B0BA462604CD26008F3623 /* PBXTargetDependency */ = {
			isa = PBXTargetDependency;
			target = 26B0BA2D2604CD23008F3623 /* EventPicker */;
			targetProxy = 26B0BA452604CD26008F3623 /* PBXContainerItemProxy */;
		};
		26B0BA512604CD26008F3623 /* PBXTargetDependency */ = {
			isa = PBXTargetDependency;
			target = 26B0BA2D2604CD23008F3623 /* EventPicker */;
			targetProxy = 26B0BA502604CD26008F3623 /* PBXContainerItemProxy */;
		};
/* End PBXTargetDependency section */

/* Begin XCBuildConfiguration section */
		26B0BA562604CD26008F3623 /* Debug */ = {
			isa = XCBuildConfiguration;
			buildSettings = {
				ALWAYS_SEARCH_USER_PATHS = NO;
				CLANG_ANALYZER_NONNULL = YES;
				CLANG_ANALYZER_NUMBER_OBJECT_CONVERSION = YES_AGGRESSIVE;
				CLANG_CXX_LANGUAGE_STANDARD = "gnu++14";
				CLANG_CXX_LIBRARY = "libc++";
				CLANG_ENABLE_MODULES = YES;
				CLANG_ENABLE_OBJC_ARC = YES;
				CLANG_ENABLE_OBJC_WEAK = YES;
				CLANG_WARN_BLOCK_CAPTURE_AUTORELEASING = YES;
				CLANG_WARN_BOOL_CONVERSION = YES;
				CLANG_WARN_COMMA = YES;
				CLANG_WARN_CONSTANT_CONVERSION = YES;
				CLANG_WARN_DEPRECATED_OBJC_IMPLEMENTATIONS = YES;
				CLANG_WARN_DIRECT_OBJC_ISA_USAGE = YES_ERROR;
				CLANG_WARN_DOCUMENTATION_COMMENTS = YES;
				CLANG_WARN_EMPTY_BODY = YES;
				CLANG_WARN_ENUM_CONVERSION = YES;
				CLANG_WARN_INFINITE_RECURSION = YES;
				CLANG_WARN_INT_CONVERSION = YES;
				CLANG_WARN_NON_LITERAL_NULL_CONVERSION = YES;
				CLANG_WARN_OBJC_IMPLICIT_RETAIN_SELF = YES;
				CLANG_WARN_OBJC_LITERAL_CONVERSION = YES;
				CLANG_WARN_OBJC_ROOT_CLASS = YES_ERROR;
				CLANG_WARN_QUOTED_INCLUDE_IN_FRAMEWORK_HEADER = YES;
				CLANG_WARN_RANGE_LOOP_ANALYSIS = YES;
				CLANG_WARN_STRICT_PROTOTYPES = YES;
				CLANG_WARN_SUSPICIOUS_MOVE = YES;
				CLANG_WARN_UNGUARDED_AVAILABILITY = YES_AGGRESSIVE;
				CLANG_WARN_UNREACHABLE_CODE = YES;
				CLANG_WARN__DUPLICATE_METHOD_MATCH = YES;
				COPY_PHASE_STRIP = NO;
				DEBUG_INFORMATION_FORMAT = dwarf;
				ENABLE_STRICT_OBJC_MSGSEND = YES;
				ENABLE_TESTABILITY = YES;
				GCC_C_LANGUAGE_STANDARD = gnu11;
				GCC_DYNAMIC_NO_PIC = NO;
				GCC_NO_COMMON_BLOCKS = YES;
				GCC_OPTIMIZATION_LEVEL = 0;
				GCC_PREPROCESSOR_DEFINITIONS = (
					"DEBUG=1",
					"$(inherited)",
				);
				GCC_WARN_64_TO_32_BIT_CONVERSION = YES;
				GCC_WARN_ABOUT_RETURN_TYPE = YES_ERROR;
				GCC_WARN_UNDECLARED_SELECTOR = YES;
				GCC_WARN_UNINITIALIZED_AUTOS = YES_AGGRESSIVE;
				GCC_WARN_UNUSED_FUNCTION = YES;
				GCC_WARN_UNUSED_VARIABLE = YES;
				IPHONEOS_DEPLOYMENT_TARGET = 14.4;
				MTL_ENABLE_DEBUG_INFO = INCLUDE_SOURCE;
				MTL_FAST_MATH = YES;
				ONLY_ACTIVE_ARCH = YES;
				SDKROOT = iphoneos;
				SWIFT_ACTIVE_COMPILATION_CONDITIONS = DEBUG;
				SWIFT_OPTIMIZATION_LEVEL = "-Onone";
			};
			name = Debug;
		};
		26B0BA572604CD26008F3623 /* Release */ = {
			isa = XCBuildConfiguration;
			buildSettings = {
				ALWAYS_SEARCH_USER_PATHS = NO;
				CLANG_ANALYZER_NONNULL = YES;
				CLANG_ANALYZER_NUMBER_OBJECT_CONVERSION = YES_AGGRESSIVE;
				CLANG_CXX_LANGUAGE_STANDARD = "gnu++14";
				CLANG_CXX_LIBRARY = "libc++";
				CLANG_ENABLE_MODULES = YES;
				CLANG_ENABLE_OBJC_ARC = YES;
				CLANG_ENABLE_OBJC_WEAK = YES;
				CLANG_WARN_BLOCK_CAPTURE_AUTORELEASING = YES;
				CLANG_WARN_BOOL_CONVERSION = YES;
				CLANG_WARN_COMMA = YES;
				CLANG_WARN_CONSTANT_CONVERSION = YES;
				CLANG_WARN_DEPRECATED_OBJC_IMPLEMENTATIONS = YES;
				CLANG_WARN_DIRECT_OBJC_ISA_USAGE = YES_ERROR;
				CLANG_WARN_DOCUMENTATION_COMMENTS = YES;
				CLANG_WARN_EMPTY_BODY = YES;
				CLANG_WARN_ENUM_CONVERSION = YES;
				CLANG_WARN_INFINITE_RECURSION = YES;
				CLANG_WARN_INT_CONVERSION = YES;
				CLANG_WARN_NON_LITERAL_NULL_CONVERSION = YES;
				CLANG_WARN_OBJC_IMPLICIT_RETAIN_SELF = YES;
				CLANG_WARN_OBJC_LITERAL_CONVERSION = YES;
				CLANG_WARN_OBJC_ROOT_CLASS = YES_ERROR;
				CLANG_WARN_QUOTED_INCLUDE_IN_FRAMEWORK_HEADER = YES;
				CLANG_WARN_RANGE_LOOP_ANALYSIS = YES;
				CLANG_WARN_STRICT_PROTOTYPES = YES;
				CLANG_WARN_SUSPICIOUS_MOVE = YES;
				CLANG_WARN_UNGUARDED_AVAILABILITY = YES_AGGRESSIVE;
				CLANG_WARN_UNREACHABLE_CODE = YES;
				CLANG_WARN__DUPLICATE_METHOD_MATCH = YES;
				COPY_PHASE_STRIP = NO;
				DEBUG_INFORMATION_FORMAT = "dwarf-with-dsym";
				ENABLE_NS_ASSERTIONS = NO;
				ENABLE_STRICT_OBJC_MSGSEND = YES;
				GCC_C_LANGUAGE_STANDARD = gnu11;
				GCC_NO_COMMON_BLOCKS = YES;
				GCC_WARN_64_TO_32_BIT_CONVERSION = YES;
				GCC_WARN_ABOUT_RETURN_TYPE = YES_ERROR;
				GCC_WARN_UNDECLARED_SELECTOR = YES;
				GCC_WARN_UNINITIALIZED_AUTOS = YES_AGGRESSIVE;
				GCC_WARN_UNUSED_FUNCTION = YES;
				GCC_WARN_UNUSED_VARIABLE = YES;
				IPHONEOS_DEPLOYMENT_TARGET = 14.4;
				MTL_ENABLE_DEBUG_INFO = NO;
				MTL_FAST_MATH = YES;
				SDKROOT = iphoneos;
				SWIFT_COMPILATION_MODE = wholemodule;
				SWIFT_OPTIMIZATION_LEVEL = "-O";
				VALIDATE_PRODUCT = YES;
			};
			name = Release;
		};
		26B0BA592604CD26008F3623 /* Debug */ = {
			isa = XCBuildConfiguration;
			buildSettings = {
				ASSETCATALOG_COMPILER_APPICON_NAME = AppIcon;
				ASSETCATALOG_COMPILER_GLOBAL_ACCENT_COLOR_NAME = AccentColor;
				CODE_SIGN_STYLE = Automatic;
				DEVELOPMENT_ASSET_PATHS = "\"EventPicker/Preview Content\"";
				DEVELOPMENT_TEAM = DZ596S8BQ7;
				ENABLE_PREVIEWS = YES;
				INFOPLIST_FILE = EventPicker/Info.plist;
				IPHONEOS_DEPLOYMENT_TARGET = 14.0;
				LD_RUNPATH_SEARCH_PATHS = (
					"$(inherited)",
					"@executable_path/Frameworks",
				);
				PRODUCT_BUNDLE_IDENTIFIER = com.abetech.EventPicker;
				PRODUCT_NAME = "$(TARGET_NAME)";
				SWIFT_VERSION = 5.0;
				TARGETED_DEVICE_FAMILY = "1,2";
			};
			name = Debug;
		};
		26B0BA5A2604CD26008F3623 /* Release */ = {
			isa = XCBuildConfiguration;
			buildSettings = {
				ASSETCATALOG_COMPILER_APPICON_NAME = AppIcon;
				ASSETCATALOG_COMPILER_GLOBAL_ACCENT_COLOR_NAME = AccentColor;
				CODE_SIGN_STYLE = Automatic;
				DEVELOPMENT_ASSET_PATHS = "\"EventPicker/Preview Content\"";
				DEVELOPMENT_TEAM = DZ596S8BQ7;
				ENABLE_PREVIEWS = YES;
				INFOPLIST_FILE = EventPicker/Info.plist;
				IPHONEOS_DEPLOYMENT_TARGET = 14.0;
				LD_RUNPATH_SEARCH_PATHS = (
					"$(inherited)",
					"@executable_path/Frameworks",
				);
				PRODUCT_BUNDLE_IDENTIFIER = com.abetech.EventPicker;
				PRODUCT_NAME = "$(TARGET_NAME)";
				SWIFT_VERSION = 5.0;
				TARGETED_DEVICE_FAMILY = "1,2";
			};
			name = Release;
		};
		26B0BA5C2604CD26008F3623 /* Debug */ = {
			isa = XCBuildConfiguration;
			buildSettings = {
				ALWAYS_EMBED_SWIFT_STANDARD_LIBRARIES = YES;
				BUNDLE_LOADER = "$(TEST_HOST)";
				CODE_SIGN_STYLE = Automatic;
				DEVELOPMENT_TEAM = DZ596S8BQ7;
				INFOPLIST_FILE = EventPickerTests/Info.plist;
				IPHONEOS_DEPLOYMENT_TARGET = 14.0;
				LD_RUNPATH_SEARCH_PATHS = (
					"$(inherited)",
					"@executable_path/Frameworks",
					"@loader_path/Frameworks",
				);
				PRODUCT_BUNDLE_IDENTIFIER = com.abetech.EventPickerTests;
				PRODUCT_NAME = "$(TARGET_NAME)";
				SWIFT_VERSION = 5.0;
				TARGETED_DEVICE_FAMILY = "1,2";
				TEST_HOST = "$(BUILT_PRODUCTS_DIR)/EventPicker.app/EventPicker";
			};
			name = Debug;
		};
		26B0BA5D2604CD26008F3623 /* Release */ = {
			isa = XCBuildConfiguration;
			buildSettings = {
				ALWAYS_EMBED_SWIFT_STANDARD_LIBRARIES = YES;
				BUNDLE_LOADER = "$(TEST_HOST)";
				CODE_SIGN_STYLE = Automatic;
				DEVELOPMENT_TEAM = DZ596S8BQ7;
				INFOPLIST_FILE = EventPickerTests/Info.plist;
				IPHONEOS_DEPLOYMENT_TARGET = 14.0;
				LD_RUNPATH_SEARCH_PATHS = (
					"$(inherited)",
					"@executable_path/Frameworks",
					"@loader_path/Frameworks",
				);
				PRODUCT_BUNDLE_IDENTIFIER = com.abetech.EventPickerTests;
				PRODUCT_NAME = "$(TARGET_NAME)";
				SWIFT_VERSION = 5.0;
				TARGETED_DEVICE_FAMILY = "1,2";
				TEST_HOST = "$(BUILT_PRODUCTS_DIR)/EventPicker.app/EventPicker";
			};
			name = Release;
		};
		26B0BA5F2604CD26008F3623 /* Debug */ = {
			isa = XCBuildConfiguration;
			buildSettings = {
				ALWAYS_EMBED_SWIFT_STANDARD_LIBRARIES = YES;
				CODE_SIGN_STYLE = Automatic;
				DEVELOPMENT_TEAM = DZ596S8BQ7;
				INFOPLIST_FILE = EventPickerUITests/Info.plist;
				LD_RUNPATH_SEARCH_PATHS = (
					"$(inherited)",
					"@executable_path/Frameworks",
					"@loader_path/Frameworks",
				);
				PRODUCT_BUNDLE_IDENTIFIER = com.abetech.EventPickerUITests;
				PRODUCT_NAME = "$(TARGET_NAME)";
				SWIFT_VERSION = 5.0;
				TARGETED_DEVICE_FAMILY = "1,2";
				TEST_TARGET_NAME = EventPicker;
			};
			name = Debug;
		};
		26B0BA602604CD26008F3623 /* Release */ = {
			isa = XCBuildConfiguration;
			buildSettings = {
				ALWAYS_EMBED_SWIFT_STANDARD_LIBRARIES = YES;
				CODE_SIGN_STYLE = Automatic;
				DEVELOPMENT_TEAM = DZ596S8BQ7;
				INFOPLIST_FILE = EventPickerUITests/Info.plist;
				LD_RUNPATH_SEARCH_PATHS = (
					"$(inherited)",
					"@executable_path/Frameworks",
					"@loader_path/Frameworks",
				);
				PRODUCT_BUNDLE_IDENTIFIER = com.abetech.EventPickerUITests;
				PRODUCT_NAME = "$(TARGET_NAME)";
				SWIFT_VERSION = 5.0;
				TARGETED_DEVICE_FAMILY = "1,2";
				TEST_TARGET_NAME = EventPicker;
			};
			name = Release;
		};
/* End XCBuildConfiguration section */

/* Begin XCConfigurationList section */
		26B0BA292604CD23008F3623 /* Build configuration list for PBXProject "EventPicker" */ = {
			isa = XCConfigurationList;
			buildConfigurations = (
				26B0BA562604CD26008F3623 /* Debug */,
				26B0BA572604CD26008F3623 /* Release */,
			);
			defaultConfigurationIsVisible = 0;
			defaultConfigurationName = Release;
		};
		26B0BA582604CD26008F3623 /* Build configuration list for PBXNativeTarget "EventPicker" */ = {
			isa = XCConfigurationList;
			buildConfigurations = (
				26B0BA592604CD26008F3623 /* Debug */,
				26B0BA5A2604CD26008F3623 /* Release */,
			);
			defaultConfigurationIsVisible = 0;
			defaultConfigurationName = Release;
		};
		26B0BA5B2604CD26008F3623 /* Build configuration list for PBXNativeTarget "EventPickerTests" */ = {
			isa = XCConfigurationList;
			buildConfigurations = (
				26B0BA5C2604CD26008F3623 /* Debug */,
				26B0BA5D2604CD26008F3623 /* Release */,
			);
			defaultConfigurationIsVisible = 0;
			defaultConfigurationName = Release;
		};
		26B0BA5E2604CD26008F3623 /* Build configuration list for PBXNativeTarget "EventPickerUITests" */ = {
			isa = XCConfigurationList;
			buildConfigurations = (
				26B0BA5F2604CD26008F3623 /* Debug */,
				26B0BA602604CD26008F3623 /* Release */,
			);
			defaultConfigurationIsVisible = 0;
			defaultConfigurationName = Release;
		};
/* End XCConfigurationList section */

/* Begin XCVersionGroup section */
		26B0BA3C2604CD26008F3623 /* EventPicker.xcdatamodeld */ = {
			isa = XCVersionGroup;
			children = (
				26B0BA3D2604CD26008F3623 /* EventPicker.xcdatamodel */,
			);
			currentVersion = 26B0BA3D2604CD26008F3623 /* EventPicker.xcdatamodel */;
			path = EventPicker.xcdatamodeld;
			sourceTree = "<group>";
			versionGroupType = wrapper.xcdatamodel;
		};
/* End XCVersionGroup section */
	};
	rootObject = 26B0BA262604CD23008F3623 /* Project object */;
}
